
Microsoft Visual Studio Solution File, Format Version 12.00
# Visual Studio Version 16
VisualStudioVersion = 16.0.29920.165
MinimumVisualStudioVersion = 10.0.40219.1
Project("{9A19103F-16F7-4668-BE54-9A1E7A4F7556}") = "CalculatorBase", "CalculatorBase\CalculatorBase.csproj", "{CDC398D2-EA7A-4352-9016-582FA0235935}"
EndProject
Project("{9A19103F-16F7-4668-BE54-9A1E7A4F7556}") = "CalculatorTests", "NUnitTestProject1\CalculatorTests.csproj", "{F993EB9D-025B-409E-8673-32C54C8B1DBD}"
EndProject
Project("{9A19103F-16F7-4668-BE54-9A1E7A4F7556}") = "DateCalcWinForms", "DateCalcWinForms\DateCalcWinForms.csproj", "{36932A0E-3F6A-45BC-BD42-54C565091394}"
EndProject
Project("{9A19103F-16F7-4668-BE54-9A1E7A4F7556}") = "DateCalcWPF", "DateCalcWPF\DateCalcWPF.csproj", "{0AD48397-8A15-432A-AE85-E54618FDA509}"
EndProject
Project("{9A19103F-16F7-4668-BE54-9A1E7A4F7556}") = "DateCalcWPF.Tests", "DateCalcWPF.Tests\DateCalcWPF.Tests.csproj", "{70EEBC3C-84EC-4CC6-9808-3179E4D1ACE4}"
EndProject
Project("{2150E333-8FDC-42A3-9474-1A3956D46DE8}") = "Solution Items", "Solution Items", "{C837F5A4-9975-483B-8ACC-281870CD09E4}"
	ProjectSection(SolutionItems) = preProject
		SampleInput.xlsx = SampleInput.xlsx
		TestSpreadsheet.xlsx = TestSpreadsheet.xlsx
	EndProjectSection
EndProject
Project("{FAE04EC0-301F-11D3-BF4B-00C04F79EFBC}") = "DateCalcBlazorWasm", "DateCalcBlazorWasm\DateCalcBlazorWasm.csproj", "{22377EFF-2F1B-4604-8235-CA4141F7C2A6}"
EndProject
Global
	GlobalSection(SolutionConfigurationPlatforms) = preSolution
		Debug|Any CPU = Debug|Any CPU
		Release|Any CPU = Release|Any CPU
	EndGlobalSection
	GlobalSection(ProjectConfigurationPlatforms) = postSolution
		{CDC398D2-EA7A-4352-9016-582FA0235935}.Debug|Any CPU.ActiveCfg = Debug|Any CPU
		{CDC398D2-EA7A-4352-9016-582FA0235935}.Debug|Any CPU.Build.0 = Debug|Any CPU
		{CDC398D2-EA7A-4352-9016-582FA0235935}.Release|Any CPU.ActiveCfg = Release|Any CPU
		{CDC398D2-EA7A-4352-9016-582FA0235935}.Release|Any CPU.Build.0 = Release|Any CPU
		{F993EB9D-025B-409E-8673-32C54C8B1DBD}.Debug|Any CPU.ActiveCfg = Debug|Any CPU
		{F993EB9D-025B-409E-8673-32C54C8B1DBD}.Debug|Any CPU.Build.0 = Debug|Any CPU
		{F993EB9D-025B-409E-8673-32C54C8B1DBD}.Release|Any CPU.ActiveCfg = Release|Any CPU
		{F993EB9D-025B-409E-8673-32C54C8B1DBD}.Release|Any CPU.Build.0 = Release|Any CPU
		{36932A0E-3F6A-45BC-BD42-54C565091394}.Debug|Any CPU.ActiveCfg = Debug|Any CPU
		{36932A0E-3F6A-45BC-BD42-54C565091394}.Debug|Any CPU.Build.0 = Debug|Any CPU
		{36932A0E-3F6A-45BC-BD42-54C565091394}.Release|Any CPU.ActiveCfg = Release|Any CPU
		{36932A0E-3F6A-45BC-BD42-54C565091394}.Release|Any CPU.Build.0 = Release|Any CPU
		{0AD48397-8A15-432A-AE85-E54618FDA509}.Debug|Any CPU.ActiveCfg = Debug|Any CPU
		{0AD48397-8A15-432A-AE85-E54618FDA509}.Debug|Any CPU.Build.0 = Debug|Any CPU
		{0AD48397-8A15-432A-AE85-E54618FDA509}.Release|Any CPU.ActiveCfg = Release|Any CPU
		{0AD48397-8A15-432A-AE85-E54618FDA509}.Release|Any CPU.Build.0 = Release|Any CPU
		{70EEBC3C-84EC-4CC6-9808-3179E4D1ACE4}.Debug|Any CPU.ActiveCfg = Debug|Any CPU
		{70EEBC3C-84EC-4CC6-9808-3179E4D1ACE4}.Debug|Any CPU.Build.0 = Debug|Any CPU
		{70EEBC3C-84EC-4CC6-9808-3179E4D1ACE4}.Release|Any CPU.ActiveCfg = Release|Any CPU
		{70EEBC3C-84EC-4CC6-9808-3179E4D1ACE4}.Release|Any CPU.Build.0 = Release|Any CPU
		{22377EFF-2F1B-4604-8235-CA4141F7C2A6}.Debug|Any CPU.ActiveCfg = Debug|Any CPU
		{22377EFF-2F1B-4604-8235-CA4141F7C2A6}.Debug|Any CPU.Build.0 = Debug|Any CPU
		{22377EFF-2F1B-4604-8235-CA4141F7C2A6}.Release|Any CPU.ActiveCfg = Release|Any CPU
		{22377EFF-2F1B-4604-8235-CA4141F7C2A6}.Release|Any CPU.Build.0 = Release|Any CPU
	EndGlobalSection
	GlobalSection(SolutionProperties) = preSolution
		HideSolutionNode = FALSE
	EndGlobalSection
	GlobalSection(ExtensibilityGlobals) = postSolution
		SolutionGuid = {C14B353A-8F9E-49ED-9AE5-9F6ADB3CA48B}
	EndGlobalSection
EndGlobal
